
Microsoft Visual Studio Solution File, Format Version 12.00
# Visual Studio Version 17
VisualStudioVersion = 17.0.32126.317
MinimumVisualStudioVersion = 10.0.40219.1
Project("{FAE04EC0-301F-11D3-BF4B-00C04F79EFBC}") = "RiotDNS", "RiotDNS\RiotDNS.csproj", "{7733F309-4CA2-418D-8A81-6B0A54564F21}"
EndProject
Project("{FAE04EC0-301F-11D3-BF4B-00C04F79EFBC}") = "RiotDNS.Updater", "RiotDNS.Updater\RiotDNS.Updater.csproj", "{4A33F3C2-CBC7-42F9-B214-FAE91E9488C9}"
EndProject
Global
	GlobalSection(SolutionConfigurationPlatforms) = preSolution
		Debug|Any CPU = Debug|Any CPU
		Release|Any CPU = Release|Any CPU
	EndGlobalSection
	GlobalSection(ProjectConfigurationPlatforms) = postSolution
		{7733F309-4CA2-418D-8A81-6B0A54564F21}.Debug|Any CPU.ActiveCfg = Debug|Any CPU
		{7733F309-4CA2-418D-8A81-6B0A54564F21}.Debug|Any CPU.Build.0 = Debug|Any CPU
		{7733F309-4CA2-418D-8A81-6B0A54564F21}.Release|Any CPU.ActiveCfg = Release|Any CPU
		{7733F309-4CA2-418D-8A81-6B0A54564F21}.Release|Any CPU.Build.0 = Release|Any CPU
		{4A33F3C2-CBC7-42F9-B214-FAE91E9488C9}.Debug|Any CPU.ActiveCfg = Debug|Any CPU
		{4A33F3C2-CBC7-42F9-B214-FAE91E9488C9}.Debug|Any CPU.Build.0 = Debug|Any CPU
		{4A33F3C2-CBC7-42F9-B214-FAE91E9488C9}.Release|Any CPU.ActiveCfg = Release|Any CPU
		{4A33F3C2-CBC7-42F9-B214-FAE91E9488C9}.Release|Any CPU.Build.0 = Release|Any CPU
	EndGlobalSection
	GlobalSection(SolutionProperties) = preSolution
		HideSolutionNode = FALSE
	EndGlobalSection
	GlobalSection(ExtensibilityGlobals) = postSolution
		SolutionGuid = {9E6D5A9D-0F1B-45A6-ABC5-A312A4FE5697}
	EndGlobalSection
EndGlobal
